// !$*UTF8*$!
{
	archiveVersion = 1;
	classes = {
	};
	objectVersion = 46;
	objects = {

/* Begin PBXBuildFile section */
		44C5215875890C53A5BAEF35 /* Pods_PokeSource.framework in Frameworks */ = {isa = PBXBuildFile; fileRef = 8374C17DE505C836602FD192 /* Pods_PokeSource.framework */; };
		D30480A11DF70E5F000C3104 /* FileManager+Document.swift in Sources */ = {isa = PBXBuildFile; fileRef = D30480A01DF70E5F000C3104 /* FileManager+Document.swift */; };
		D30480A31DF70E79000C3104 /* DataManager.swift in Sources */ = {isa = PBXBuildFile; fileRef = D30480A21DF70E79000C3104 /* DataManager.swift */; };
		D30480A51DF71012000C3104 /* PokemonDao.swift in Sources */ = {isa = PBXBuildFile; fileRef = D30480A41DF71012000C3104 /* PokemonDao.swift */; };
		D341DD801DF4E0C60088D361 /* Pokemon.xcassets in Resources */ = {isa = PBXBuildFile; fileRef = D341DD7F1DF4E0C60088D361 /* Pokemon.xcassets */; };
		D3537C901DF4A186000B19DA /* AppDelegate.swift in Sources */ = {isa = PBXBuildFile; fileRef = D3537C8F1DF4A186000B19DA /* AppDelegate.swift */; };
		D3537C981DF4A186000B19DA /* PokeSource.xcdatamodeld in Sources */ = {isa = PBXBuildFile; fileRef = D3537C961DF4A186000B19DA /* PokeSource.xcdatamodeld */; };
		D3537C9A1DF4A186000B19DA /* Assets.xcassets in Resources */ = {isa = PBXBuildFile; fileRef = D3537C991DF4A186000B19DA /* Assets.xcassets */; };
		D3537C9D1DF4A186000B19DA /* LaunchScreen.storyboard in Resources */ = {isa = PBXBuildFile; fileRef = D3537C9B1DF4A186000B19DA /* LaunchScreen.storyboard */; };
		D3537CA91DF4B1C7000B19DA /* EntryDexTableViewCell.swift in Sources */ = {isa = PBXBuildFile; fileRef = D3537CA71DF4B1C7000B19DA /* EntryDexTableViewCell.swift */; };
		D3537CB01DF4B26F000B19DA /* ApiManager.swift in Sources */ = {isa = PBXBuildFile; fileRef = D3537CAF1DF4B26F000B19DA /* ApiManager.swift */; };
		D36B08421DF7889F00143EFB /* PokedexViewController.swift in Sources */ = {isa = PBXBuildFile; fileRef = D36B08401DF7889F00143EFB /* PokedexViewController.swift */; };
		D36B08461DF78DBE00143EFB /* EntryDexTableViewCell.xib in Resources */ = {isa = PBXBuildFile; fileRef = D36B08441DF78DBE00143EFB /* EntryDexTableViewCell.xib */; };
		D36B08471DF78DBE00143EFB /* PokedexViewController.xib in Resources */ = {isa = PBXBuildFile; fileRef = D36B08451DF78DBE00143EFB /* PokedexViewController.xib */; };
/* End PBXBuildFile section */

/* Begin PBXFileReference section */
		39A49DD919CE9B8CEF6385A0 /* Pods-PokeSource.release.xcconfig */ = {isa = PBXFileReference; includeInIndex = 1; lastKnownFileType = text.xcconfig; name = "Pods-PokeSource.release.xcconfig"; path = "Pods/Target Support Files/Pods-PokeSource/Pods-PokeSource.release.xcconfig"; sourceTree = "<group>"; };
		8374C17DE505C836602FD192 /* Pods_PokeSource.framework */ = {isa = PBXFileReference; explicitFileType = wrapper.framework; includeInIndex = 0; path = Pods_PokeSource.framework; sourceTree = BUILT_PRODUCTS_DIR; };
		B5403D1180FE2A5959D29844 /* Pods-PokeSource.debug.xcconfig */ = {isa = PBXFileReference; includeInIndex = 1; lastKnownFileType = text.xcconfig; name = "Pods-PokeSource.debug.xcconfig"; path = "Pods/Target Support Files/Pods-PokeSource/Pods-PokeSource.debug.xcconfig"; sourceTree = "<group>"; };
		D30480A01DF70E5F000C3104 /* FileManager+Document.swift */ = {isa = PBXFileReference; fileEncoding = 4; lastKnownFileType = sourcecode.swift; path = "FileManager+Document.swift"; sourceTree = "<group>"; };
		D30480A21DF70E79000C3104 /* DataManager.swift */ = {isa = PBXFileReference; fileEncoding = 4; lastKnownFileType = sourcecode.swift; path = DataManager.swift; sourceTree = "<group>"; };
		D30480A41DF71012000C3104 /* PokemonDao.swift */ = {isa = PBXFileReference; fileEncoding = 4; lastKnownFileType = sourcecode.swift; path = PokemonDao.swift; sourceTree = "<group>"; };
		D341DD7F1DF4E0C60088D361 /* Pokemon.xcassets */ = {isa = PBXFileReference; lastKnownFileType = folder.assetcatalog; path = Pokemon.xcassets; sourceTree = "<group>"; };
		D3537C8C1DF4A186000B19DA /* PokeSource.app */ = {isa = PBXFileReference; explicitFileType = wrapper.application; includeInIndex = 0; path = PokeSource.app; sourceTree = BUILT_PRODUCTS_DIR; };
		D3537C8F1DF4A186000B19DA /* AppDelegate.swift */ = {isa = PBXFileReference; lastKnownFileType = sourcecode.swift; path = AppDelegate.swift; sourceTree = "<group>"; };
		D3537C971DF4A186000B19DA /* PokeSource.xcdatamodel */ = {isa = PBXFileReference; lastKnownFileType = wrapper.xcdatamodel; path = PokeSource.xcdatamodel; sourceTree = "<group>"; };
		D3537C991DF4A186000B19DA /* Assets.xcassets */ = {isa = PBXFileReference; lastKnownFileType = folder.assetcatalog; path = Assets.xcassets; sourceTree = "<group>"; };
		D3537C9C1DF4A186000B19DA /* Base */ = {isa = PBXFileReference; lastKnownFileType = file.storyboard; name = Base; path = Base.lproj/LaunchScreen.storyboard; sourceTree = "<group>"; };
		D3537C9E1DF4A186000B19DA /* Info.plist */ = {isa = PBXFileReference; lastKnownFileType = text.plist.xml; path = Info.plist; sourceTree = "<group>"; };
		D3537CA41DF4A1E1000B19DA /* .gitignore */ = {isa = PBXFileReference; lastKnownFileType = text; path = .gitignore; sourceTree = "<group>"; };
		D3537CA71DF4B1C7000B19DA /* EntryDexTableViewCell.swift */ = {isa = PBXFileReference; fileEncoding = 4; lastKnownFileType = sourcecode.swift; path = EntryDexTableViewCell.swift; sourceTree = "<group>"; };
		D3537CAF1DF4B26F000B19DA /* ApiManager.swift */ = {isa = PBXFileReference; fileEncoding = 4; lastKnownFileType = sourcecode.swift; path = ApiManager.swift; sourceTree = "<group>"; };
		D36B08401DF7889F00143EFB /* PokedexViewController.swift */ = {isa = PBXFileReference; fileEncoding = 4; lastKnownFileType = sourcecode.swift; path = PokedexViewController.swift; sourceTree = "<group>"; };
		D36B08441DF78DBE00143EFB /* EntryDexTableViewCell.xib */ = {isa = PBXFileReference; fileEncoding = 4; lastKnownFileType = file.xib; path = EntryDexTableViewCell.xib; sourceTree = "<group>"; };
		D36B08451DF78DBE00143EFB /* PokedexViewController.xib */ = {isa = PBXFileReference; fileEncoding = 4; lastKnownFileType = file.xib; path = PokedexViewController.xib; sourceTree = "<group>"; };
/* End PBXFileReference section */

/* Begin PBXFrameworksBuildPhase section */
		D3537C891DF4A186000B19DA /* Frameworks */ = {
			isa = PBXFrameworksBuildPhase;
			buildActionMask = 2147483647;
			files = (
				44C5215875890C53A5BAEF35 /* Pods_PokeSource.framework in Frameworks */,
			);
			runOnlyForDeploymentPostprocessing = 0;
		};
/* End PBXFrameworksBuildPhase section */

/* Begin PBXGroup section */
		2CD76015A0CE192EEFDA65AF /* Frameworks */ = {
			isa = PBXGroup;
			children = (
				8374C17DE505C836602FD192 /* Pods_PokeSource.framework */,
			);
			name = Frameworks;
			sourceTree = "<group>";
		};
		D3537C831DF4A186000B19DA = {
			isa = PBXGroup;
			children = (
				2CD76015A0CE192EEFDA65AF /* Frameworks */,
				FAC40EBA89B08FEB62DF133E /* Pods */,
				D3537C8E1DF4A186000B19DA /* PokeSource */,
				D3537C8D1DF4A186000B19DA /* Products */,
				D3537CA41DF4A1E1000B19DA /* .gitignore */,
			);
			sourceTree = "<group>";
		};
		D3537C8D1DF4A186000B19DA /* Products */ = {
			isa = PBXGroup;
			children = (
				D3537C8C1DF4A186000B19DA /* PokeSource.app */,
			);
			name = Products;
			sourceTree = "<group>";
		};
		D3537C8E1DF4A186000B19DA /* PokeSource */ = {
			isa = PBXGroup;
			children = (
				D3537CB21DF4B2AA000B19DA /* Application */,
				D3537CAB1DF4B1D7000B19DA /* Controllers */,
				D3537CAD1DF4B243000B19DA /* Models */,
				D3537CAE1DF4B24F000B19DA /* Helpers */,
				D3537CB11DF4B295000B19DA /* Utils */,
				D3537CA51DF4B106000B19DA /* Views */,
				D3537C991DF4A186000B19DA /* Assets.xcassets */,
				D341DD7F1DF4E0C60088D361 /* Pokemon.xcassets */,
			);
			path = PokeSource;
			sourceTree = "<group>";
		};
		D3537CA51DF4B106000B19DA /* Views */ = {
			isa = PBXGroup;
			children = (
				D36B08441DF78DBE00143EFB /* EntryDexTableViewCell.xib */,
				D36B08451DF78DBE00143EFB /* PokedexViewController.xib */,
				D3537C9B1DF4A186000B19DA /* LaunchScreen.storyboard */,
			);
			path = Views;
			sourceTree = "<group>";
		};
		D3537CAB1DF4B1D7000B19DA /* Controllers */ = {
			isa = PBXGroup;
			children = (
				D3537CAC1DF4B1E4000B19DA /* Widgets */,
				D36B08401DF7889F00143EFB /* PokedexViewController.swift */,
			);
			path = Controllers;
			sourceTree = "<group>";
		};
		D3537CAC1DF4B1E4000B19DA /* Widgets */ = {
			isa = PBXGroup;
			children = (
				D3537CA71DF4B1C7000B19DA /* EntryDexTableViewCell.swift */,
			);
			path = Widgets;
			sourceTree = "<group>";
		};
		D3537CAD1DF4B243000B19DA /* Models */ = {
			isa = PBXGroup;
			children = (
				D30480A41DF71012000C3104 /* PokemonDao.swift */,
				D3537C961DF4A186000B19DA /* PokeSource.xcdatamodeld */,
			);
			path = Models;
			sourceTree = "<group>";
		};
		D3537CAE1DF4B24F000B19DA /* Helpers */ = {
			isa = PBXGroup;
			children = (
				D3537CAF1DF4B26F000B19DA /* ApiManager.swift */,
				D30480A01DF70E5F000C3104 /* FileManager+Document.swift */,
				D30480A21DF70E79000C3104 /* DataManager.swift */,
			);
			path = Helpers;
			sourceTree = "<group>";
		};
		D3537CB11DF4B295000B19DA /* Utils */ = {
			isa = PBXGroup;
			children = (
			);
			path = Utils;
			sourceTree = "<group>";
		};
		D3537CB21DF4B2AA000B19DA /* Application */ = {
			isa = PBXGroup;
			children = (
				D3537C8F1DF4A186000B19DA /* AppDelegate.swift */,
				D3537C9E1DF4A186000B19DA /* Info.plist */,
			);
			path = Application;
			sourceTree = "<group>";
		};
		FAC40EBA89B08FEB62DF133E /* Pods */ = {
			isa = PBXGroup;
			children = (
				B5403D1180FE2A5959D29844 /* Pods-PokeSource.debug.xcconfig */,
				39A49DD919CE9B8CEF6385A0 /* Pods-PokeSource.release.xcconfig */,
			);
			name = Pods;
			sourceTree = "<group>";
		};
/* End PBXGroup section */

/* Begin PBXNativeTarget section */
		D3537C8B1DF4A186000B19DA /* PokeSource */ = {
			isa = PBXNativeTarget;
			buildConfigurationList = D3537CA11DF4A186000B19DA /* Build configuration list for PBXNativeTarget "PokeSource" */;
			buildPhases = (
				4780E916299AE486EC344FE6 /* [CP] Check Pods Manifest.lock */,
				D3537C881DF4A186000B19DA /* Sources */,
				D3537C891DF4A186000B19DA /* Frameworks */,
				D3537C8A1DF4A186000B19DA /* Resources */,
				0F09B86ABCAC8D05D103585B /* [CP] Embed Pods Frameworks */,
				67A6F592CE69BC1AF3F91C74 /* [CP] Copy Pods Resources */,
			);
			buildRules = (
			);
			dependencies = (
			);
			name = PokeSource;
			productName = PokeSource;
			productReference = D3537C8C1DF4A186000B19DA /* PokeSource.app */;
			productType = "com.apple.product-type.application";
		};
/* End PBXNativeTarget section */

/* Begin PBXProject section */
		D3537C841DF4A186000B19DA /* Project object */ = {
			isa = PBXProject;
			attributes = {
				LastSwiftUpdateCheck = 0810;
				LastUpgradeCheck = 0810;
				ORGANIZATIONNAME = ozonePowered;
				TargetAttributes = {
					D3537C8B1DF4A186000B19DA = {
						CreatedOnToolsVersion = 8.1;
						DevelopmentTeam = 4G3577L73Y;
						ProvisioningStyle = Automatic;
					};
				};
			};
			buildConfigurationList = D3537C871DF4A186000B19DA /* Build configuration list for PBXProject "PokeSource" */;
			compatibilityVersion = "Xcode 3.2";
			developmentRegion = English;
			hasScannedForEncodings = 0;
			knownRegions = (
				en,
				Base,
			);
			mainGroup = D3537C831DF4A186000B19DA;
			productRefGroup = D3537C8D1DF4A186000B19DA /* Products */;
			projectDirPath = "";
			projectRoot = "";
			targets = (
				D3537C8B1DF4A186000B19DA /* PokeSource */,
			);
		};
/* End PBXProject section */

/* Begin PBXResourcesBuildPhase section */
		D3537C8A1DF4A186000B19DA /* Resources */ = {
			isa = PBXResourcesBuildPhase;
			buildActionMask = 2147483647;
			files = (
				D3537C9D1DF4A186000B19DA /* LaunchScreen.storyboard in Resources */,
				D36B08461DF78DBE00143EFB /* EntryDexTableViewCell.xib in Resources */,
				D36B08471DF78DBE00143EFB /* PokedexViewController.xib in Resources */,
				D341DD801DF4E0C60088D361 /* Pokemon.xcassets in Resources */,
				D3537C9A1DF4A186000B19DA /* Assets.xcassets in Resources */,
			);
			runOnlyForDeploymentPostprocessing = 0;
		};
/* End PBXResourcesBuildPhase section */

/* Begin PBXShellScriptBuildPhase section */
		0F09B86ABCAC8D05D103585B /* [CP] Embed Pods Frameworks */ = {
			isa = PBXShellScriptBuildPhase;
			buildActionMask = 2147483647;
			files = (
			);
			inputPaths = (
			);
			name = "[CP] Embed Pods Frameworks";
			outputPaths = (
			);
			runOnlyForDeploymentPostprocessing = 0;
			shellPath = /bin/sh;
			shellScript = "\"${SRCROOT}/Pods/Target Support Files/Pods-PokeSource/Pods-PokeSource-frameworks.sh\"\n";
			showEnvVarsInLog = 0;
		};
		4780E916299AE486EC344FE6 /* [CP] Check Pods Manifest.lock */ = {
			isa = PBXShellScriptBuildPhase;
			buildActionMask = 2147483647;
			files = (
			);
			inputPaths = (
			);
			name = "[CP] Check Pods Manifest.lock";
			outputPaths = (
			);
			runOnlyForDeploymentPostprocessing = 0;
			shellPath = /bin/sh;
			shellScript = "diff \"${PODS_ROOT}/../Podfile.lock\" \"${PODS_ROOT}/Manifest.lock\" > /dev/null\nif [ $? != 0 ] ; then\n    # print error to STDERR\n    echo \"error: The sandbox is not in sync with the Podfile.lock. Run 'pod install' or update your CocoaPods installation.\" >&2\n    exit 1\nfi\n";
			showEnvVarsInLog = 0;
		};
		67A6F592CE69BC1AF3F91C74 /* [CP] Copy Pods Resources */ = {
			isa = PBXShellScriptBuildPhase;
			buildActionMask = 2147483647;
			files = (
			);
			inputPaths = (
			);
			name = "[CP] Copy Pods Resources";
			outputPaths = (
			);
			runOnlyForDeploymentPostprocessing = 0;
			shellPath = /bin/sh;
			shellScript = "\"${SRCROOT}/Pods/Target Support Files/Pods-PokeSource/Pods-PokeSource-resources.sh\"\n";
			showEnvVarsInLog = 0;
		};
/* End PBXShellScriptBuildPhase section */

/* Begin PBXSourcesBuildPhase section */
		D3537C881DF4A186000B19DA /* Sources */ = {
			isa = PBXSourcesBuildPhase;
			buildActionMask = 2147483647;
			files = (
				D30480A51DF71012000C3104 /* PokemonDao.swift in Sources */,
				D3537CA91DF4B1C7000B19DA /* EntryDexTableViewCell.swift in Sources */,
				D30480A11DF70E5F000C3104 /* FileManager+Document.swift in Sources */,
				D30480A31DF70E79000C3104 /* DataManager.swift in Sources */,
				D3537CB01DF4B26F000B19DA /* ApiManager.swift in Sources */,
				D36B08421DF7889F00143EFB /* PokedexViewController.swift in Sources */,
				D3537C901DF4A186000B19DA /* AppDelegate.swift in Sources */,
				D3537C981DF4A186000B19DA /* PokeSource.xcdatamodeld in Sources */,
			);
			runOnlyForDeploymentPostprocessing = 0;
		};
/* End PBXSourcesBuildPhase section */

/* Begin PBXVariantGroup section */
		D3537C9B1DF4A186000B19DA /* LaunchScreen.storyboard */ = {
			isa = PBXVariantGroup;
			children = (
				D3537C9C1DF4A186000B19DA /* Base */,
			);
			name = LaunchScreen.storyboard;
			path = .;
			sourceTree = "<group>";
		};
/* End PBXVariantGroup section */

/* Begin XCBuildConfiguration section */
		D3537C9F1DF4A186000B19DA /* Debug */ = {
			isa = XCBuildConfiguration;
			buildSettings = {
				ALWAYS_SEARCH_USER_PATHS = NO;
				CLANG_ANALYZER_NONNULL = YES;
				CLANG_CXX_LANGUAGE_STANDARD = "gnu++0x";
				CLANG_CXX_LIBRARY = "libc++";
				CLANG_ENABLE_MODULES = YES;
				CLANG_ENABLE_OBJC_ARC = YES;
				CLANG_WARN_BOOL_CONVERSION = YES;
				CLANG_WARN_CONSTANT_CONVERSION = YES;
				CLANG_WARN_DIRECT_OBJC_ISA_USAGE = YES_ERROR;
				CLANG_WARN_DOCUMENTATION_COMMENTS = YES;
				CLANG_WARN_EMPTY_BODY = YES;
				CLANG_WARN_ENUM_CONVERSION = YES;
				CLANG_WARN_INFINITE_RECURSION = YES;
				CLANG_WARN_INT_CONVERSION = YES;
				CLANG_WARN_OBJC_ROOT_CLASS = YES_ERROR;
				CLANG_WARN_SUSPICIOUS_MOVE = YES;
				CLANG_WARN_SUSPICIOUS_MOVES = YES;
				CLANG_WARN_UNREACHABLE_CODE = YES;
				CLANG_WARN__DUPLICATE_METHOD_MATCH = YES;
				"CODE_SIGN_IDENTITY[sdk=iphoneos*]" = "iPhone Developer";
				COPY_PHASE_STRIP = NO;
				DEBUG_INFORMATION_FORMAT = dwarf;
				ENABLE_STRICT_OBJC_MSGSEND = YES;
				ENABLE_TESTABILITY = YES;
				GCC_C_LANGUAGE_STANDARD = gnu99;
				GCC_DYNAMIC_NO_PIC = NO;
				GCC_NO_COMMON_BLOCKS = YES;
				GCC_OPTIMIZATION_LEVEL = 0;
				GCC_PREPROCESSOR_DEFINITIONS = (
					"DEBUG=1",
					"$(inherited)",
				);
				GCC_WARN_64_TO_32_BIT_CONVERSION = YES;
				GCC_WARN_ABOUT_RETURN_TYPE = YES_ERROR;
				GCC_WARN_UNDECLARED_SELECTOR = YES;
				GCC_WARN_UNINITIALIZED_AUTOS = YES_AGGRESSIVE;
				GCC_WARN_UNUSED_FUNCTION = YES;
				GCC_WARN_UNUSED_VARIABLE = YES;
				IPHONEOS_DEPLOYMENT_TARGET = 10.1;
				MTL_ENABLE_DEBUG_INFO = YES;
				ONLY_ACTIVE_ARCH = YES;
				SDKROOT = iphoneos;
				SWIFT_ACTIVE_COMPILATION_CONDITIONS = DEBUG;
				SWIFT_OPTIMIZATION_LEVEL = "-Onone";
			};
			name = Debug;
		};
		D3537CA01DF4A186000B19DA /* Release */ = {
			isa = XCBuildConfiguration;
			buildSettings = {
				ALWAYS_SEARCH_USER_PATHS = NO;
				CLANG_ANALYZER_NONNULL = YES;
				CLANG_CXX_LANGUAGE_STANDARD = "gnu++0x";
				CLANG_CXX_LIBRARY = "libc++";
				CLANG_ENABLE_MODULES = YES;
				CLANG_ENABLE_OBJC_ARC = YES;
				CLANG_WARN_BOOL_CONVERSION = YES;
				CLANG_WARN_CONSTANT_CONVERSION = YES;
				CLANG_WARN_DIRECT_OBJC_ISA_USAGE = YES_ERROR;
				CLANG_WARN_DOCUMENTATION_COMMENTS = YES;
				CLANG_WARN_EMPTY_BODY = YES;
				CLANG_WARN_ENUM_CONVERSION = YES;
				CLANG_WARN_INFINITE_RECURSION = YES;
				CLANG_WARN_INT_CONVERSION = YES;
				CLANG_WARN_OBJC_ROOT_CLASS = YES_ERROR;
				CLANG_WARN_SUSPICIOUS_MOVE = YES;
				CLANG_WARN_SUSPICIOUS_MOVES = YES;
				CLANG_WARN_UNREACHABLE_CODE = YES;
				CLANG_WARN__DUPLICATE_METHOD_MATCH = YES;
				"CODE_SIGN_IDENTITY[sdk=iphoneos*]" = "iPhone Developer";
				COPY_PHASE_STRIP = NO;
				DEBUG_INFORMATION_FORMAT = "dwarf-with-dsym";
				ENABLE_NS_ASSERTIONS = NO;
				ENABLE_STRICT_OBJC_MSGSEND = YES;
				GCC_C_LANGUAGE_STANDARD = gnu99;
				GCC_NO_COMMON_BLOCKS = YES;
				GCC_WARN_64_TO_32_BIT_CONVERSION = YES;
				GCC_WARN_ABOUT_RETURN_TYPE = YES_ERROR;
				GCC_WARN_UNDECLARED_SELECTOR = YES;
				GCC_WARN_UNINITIALIZED_AUTOS = YES_AGGRESSIVE;
				GCC_WARN_UNUSED_FUNCTION = YES;
				GCC_WARN_UNUSED_VARIABLE = YES;
				IPHONEOS_DEPLOYMENT_TARGET = 10.1;
				MTL_ENABLE_DEBUG_INFO = NO;
				SDKROOT = iphoneos;
				SWIFT_OPTIMIZATION_LEVEL = "-Owholemodule";
				VALIDATE_PRODUCT = YES;
			};
			name = Release;
		};
		D3537CA21DF4A186000B19DA /* Debug */ = {
			isa = XCBuildConfiguration;
			baseConfigurationReference = B5403D1180FE2A5959D29844 /* Pods-PokeSource.debug.xcconfig */;
			buildSettings = {
				ALWAYS_EMBED_SWIFT_STANDARD_LIBRARIES = YES;
				ASSETCATALOG_COMPILER_APPICON_NAME = AppIcon;
				DEVELOPMENT_TEAM = 4G3577L73Y;
				INFOPLIST_FILE = PokeSource/Application/Info.plist;
				LD_RUNPATH_SEARCH_PATHS = "$(inherited) @executable_path/Frameworks";
				PRODUCT_BUNDLE_IDENTIFIER = fr.ozonepowered.PokeSource;
				PRODUCT_NAME = "$(TARGET_NAME)";
				SWIFT_VERSION = 3.0;
			};
			name = Debug;
		};
		D3537CA31DF4A186000B19DA /* Release */ = {
			isa = XCBuildConfiguration;
			baseConfigurationReference = 39A49DD919CE9B8CEF6385A0 /* Pods-PokeSource.release.xcconfig */;
			buildSettings = {
				ALWAYS_EMBED_SWIFT_STANDARD_LIBRARIES = YES;
				ASSETCATALOG_COMPILER_APPICON_NAME = AppIcon;
				DEVELOPMENT_TEAM = 4G3577L73Y;
				INFOPLIST_FILE = PokeSource/Application/Info.plist;
				LD_RUNPATH_SEARCH_PATHS = "$(inherited) @executable_path/Frameworks";
				PRODUCT_BUNDLE_IDENTIFIER = fr.ozonepowered.PokeSource;
				PRODUCT_NAME = "$(TARGET_NAME)";
				SWIFT_VERSION = 3.0;
			};
			name = Release;
		};
/* End XCBuildConfiguration section */

/* Begin XCConfigurationList section */
		D3537C871DF4A186000B19DA /* Build configuration list for PBXProject "PokeSource" */ = {
			isa = XCConfigurationList;
			buildConfigurations = (
				D3537C9F1DF4A186000B19DA /* Debug */,
				D3537CA01DF4A186000B19DA /* Release */,
			);
			defaultConfigurationIsVisible = 0;
			defaultConfigurationName = Release;
		};
		D3537CA11DF4A186000B19DA /* Build configuration list for PBXNativeTarget "PokeSource" */ = {
			isa = XCConfigurationList;
			buildConfigurations = (
				D3537CA21DF4A186000B19DA /* Debug */,
				D3537CA31DF4A186000B19DA /* Release */,
			);
			defaultConfigurationIsVisible = 0;
			defaultConfigurationName = Release;
		};
/* End XCConfigurationList section */

/* Begin XCVersionGroup section */
		D3537C961DF4A186000B19DA /* PokeSource.xcdatamodeld */ = {
			isa = XCVersionGroup;
			children = (
				D3537C971DF4A186000B19DA /* PokeSource.xcdatamodel */,
			);
			currentVersion = D3537C971DF4A186000B19DA /* PokeSource.xcdatamodel */;
			path = PokeSource.xcdatamodeld;
			sourceTree = "<group>";
			versionGroupType = wrapper.xcdatamodel;
		};
/* End XCVersionGroup section */
	};
	rootObject = D3537C841DF4A186000B19DA /* Project object */;
}
